
Microsoft Visual Studio Solution File, Format Version 12.00
# Visual Studio Version 17
VisualStudioVersion = 17.8.34330.188
MinimumVisualStudioVersion = 10.0.40219.1
Project("{FAE04EC0-301F-11D3-BF4B-00C04F79EFBC}") = "TastyReviewsServer", "TastyReviewsServer\TastyReviewsServer.csproj", "{37C31411-7D3A-4DA8-B8EA-B230B57DE73D}"
EndProject
Global
	GlobalSection(SolutionConfigurationPlatforms) = preSolution
		Debug|Any CPU = Debug|Any CPU
		Release|Any CPU = Release|Any CPU
	EndGlobalSection
	GlobalSection(ProjectConfigurationPlatforms) = postSolution
		{37C31411-7D3A-4DA8-B8EA-B230B57DE73D}.Debug|Any CPU.ActiveCfg = Debug|Any CPU
		{37C31411-7D3A-4DA8-B8EA-B230B57DE73D}.Debug|Any CPU.Build.0 = Debug|Any CPU
		{37C31411-7D3A-4DA8-B8EA-B230B57DE73D}.Release|Any CPU.ActiveCfg = Release|Any CPU
		{37C31411-7D3A-4DA8-B8EA-B230B57DE73D}.Release|Any CPU.Build.0 = Release|Any CPU
	EndGlobalSection
	GlobalSection(SolutionProperties) = preSolution
		HideSolutionNode = FALSE
	EndGlobalSection
	GlobalSection(ExtensibilityGlobals) = postSolution
		SolutionGuid = {EE503954-3825-4C67-B0F3-D79A8C1D85EE}
	EndGlobalSection
EndGlobal
